// !$*UTF8*$!
{
	archiveVersion = 1;
	classes = {
	};
	objectVersion = 46;
	objects = {

/* Begin PBXBuildFile section */
		OBJ_46 /* Advance.swift in Sources */ = {isa = PBXBuildFile; fileRef = OBJ_9 /* Advance.swift */; };
		OBJ_47 /* Any+Extensions.swift in Sources */ = {isa = PBXBuildFile; fileRef = OBJ_10 /* Any+Extensions.swift */; };
		OBJ_48 /* Array+Extensions.swift in Sources */ = {isa = PBXBuildFile; fileRef = OBJ_11 /* Array+Extensions.swift */; };
		OBJ_49 /* Construct.swift in Sources */ = {isa = PBXBuildFile; fileRef = OBJ_12 /* Construct.swift */; };
		OBJ_50 /* Get.swift in Sources */ = {isa = PBXBuildFile; fileRef = OBJ_13 /* Get.swift */; };
		OBJ_51 /* Identity.swift in Sources */ = {isa = PBXBuildFile; fileRef = OBJ_14 /* Identity.swift */; };
		OBJ_52 /* MemoryProperties.swift in Sources */ = {isa = PBXBuildFile; fileRef = OBJ_15 /* MemoryProperties.swift */; };
		OBJ_53 /* Metadata+Class.swift in Sources */ = {isa = PBXBuildFile; fileRef = OBJ_16 /* Metadata+Class.swift */; };
		OBJ_54 /* Metadata+Kind.swift in Sources */ = {isa = PBXBuildFile; fileRef = OBJ_17 /* Metadata+Kind.swift */; };
		OBJ_55 /* Metadata+Struct.swift in Sources */ = {isa = PBXBuildFile; fileRef = OBJ_18 /* Metadata+Struct.swift */; };
		OBJ_56 /* Metadata+Tuple.swift in Sources */ = {isa = PBXBuildFile; fileRef = OBJ_19 /* Metadata+Tuple.swift */; };
		OBJ_57 /* Metadata.swift in Sources */ = {isa = PBXBuildFile; fileRef = OBJ_20 /* Metadata.swift */; };
		OBJ_58 /* MetadataType.swift in Sources */ = {isa = PBXBuildFile; fileRef = OBJ_21 /* MetadataType.swift */; };
		OBJ_59 /* NominalType.swift in Sources */ = {isa = PBXBuildFile; fileRef = OBJ_22 /* NominalType.swift */; };
		OBJ_60 /* NominalTypeDescriptor.swift in Sources */ = {isa = PBXBuildFile; fileRef = OBJ_23 /* NominalTypeDescriptor.swift */; };
		OBJ_61 /* PointerType.swift in Sources */ = {isa = PBXBuildFile; fileRef = OBJ_24 /* PointerType.swift */; };
		OBJ_62 /* Properties.swift in Sources */ = {isa = PBXBuildFile; fileRef = OBJ_25 /* Properties.swift */; };
		OBJ_63 /* ReflectionError.swift in Sources */ = {isa = PBXBuildFile; fileRef = OBJ_26 /* ReflectionError.swift */; };
		OBJ_64 /* RelativePointer.swift in Sources */ = {isa = PBXBuildFile; fileRef = OBJ_27 /* RelativePointer.swift */; };
		OBJ_65 /* Set.swift in Sources */ = {isa = PBXBuildFile; fileRef = OBJ_28 /* Set.swift */; };
		OBJ_66 /* Storage.swift in Sources */ = {isa = PBXBuildFile; fileRef = OBJ_29 /* Storage.swift */; };
		OBJ_67 /* UnsafePointer+Extensions.swift in Sources */ = {isa = PBXBuildFile; fileRef = OBJ_30 /* UnsafePointer+Extensions.swift */; };
		OBJ_68 /* ValueWitnessTable.swift in Sources */ = {isa = PBXBuildFile; fileRef = OBJ_31 /* ValueWitnessTable.swift */; };
		OBJ_75 /* InternalTests.swift in Sources */ = {isa = PBXBuildFile; fileRef = OBJ_34 /* InternalTests.swift */; };
		OBJ_76 /* MappableTests.swift in Sources */ = {isa = PBXBuildFile; fileRef = OBJ_35 /* MappableTests.swift */; };
		OBJ_77 /* PerformanceTests.swift in Sources */ = {isa = PBXBuildFile; fileRef = OBJ_36 /* PerformanceTests.swift */; };
		OBJ_78 /* PublicTests.swift in Sources */ = {isa = PBXBuildFile; fileRef = OBJ_37 /* PublicTests.swift */; };
		OBJ_80 /* Reflection.framework in Frameworks */ = {isa = PBXBuildFile; fileRef = OBJ_39 /* Reflection.framework */; };
/* End PBXBuildFile section */

/* Begin PBXContainerItemProxy section */
		6AD699101ED9133700852699 /* PBXContainerItemProxy */ = {
			isa = PBXContainerItemProxy;
			containerPortal = OBJ_1 /* Project object */;
			proxyType = 1;
			remoteGlobalIDString = OBJ_41;
			remoteInfo = Reflection;
		};
/* End PBXContainerItemProxy section */

/* Begin PBXFileReference section */
		OBJ_10 /* Any+Extensions.swift */ = {isa = PBXFileReference; lastKnownFileType = sourcecode.swift; path = "Any+Extensions.swift"; sourceTree = "<group>"; };
		OBJ_11 /* Array+Extensions.swift */ = {isa = PBXFileReference; lastKnownFileType = sourcecode.swift; path = "Array+Extensions.swift"; sourceTree = "<group>"; };
		OBJ_12 /* Construct.swift */ = {isa = PBXFileReference; lastKnownFileType = sourcecode.swift; path = Construct.swift; sourceTree = "<group>"; };
		OBJ_13 /* Get.swift */ = {isa = PBXFileReference; lastKnownFileType = sourcecode.swift; path = Get.swift; sourceTree = "<group>"; };
		OBJ_14 /* Identity.swift */ = {isa = PBXFileReference; lastKnownFileType = sourcecode.swift; path = Identity.swift; sourceTree = "<group>"; };
		OBJ_15 /* MemoryProperties.swift */ = {isa = PBXFileReference; lastKnownFileType = sourcecode.swift; path = MemoryProperties.swift; sourceTree = "<group>"; };
		OBJ_16 /* Metadata+Class.swift */ = {isa = PBXFileReference; lastKnownFileType = sourcecode.swift; path = "Metadata+Class.swift"; sourceTree = "<group>"; };
		OBJ_17 /* Metadata+Kind.swift */ = {isa = PBXFileReference; lastKnownFileType = sourcecode.swift; path = "Metadata+Kind.swift"; sourceTree = "<group>"; };
		OBJ_18 /* Metadata+Struct.swift */ = {isa = PBXFileReference; lastKnownFileType = sourcecode.swift; path = "Metadata+Struct.swift"; sourceTree = "<group>"; };
		OBJ_19 /* Metadata+Tuple.swift */ = {isa = PBXFileReference; lastKnownFileType = sourcecode.swift; path = "Metadata+Tuple.swift"; sourceTree = "<group>"; };
		OBJ_20 /* Metadata.swift */ = {isa = PBXFileReference; lastKnownFileType = sourcecode.swift; path = Metadata.swift; sourceTree = "<group>"; };
		OBJ_21 /* MetadataType.swift */ = {isa = PBXFileReference; lastKnownFileType = sourcecode.swift; path = MetadataType.swift; sourceTree = "<group>"; };
		OBJ_22 /* NominalType.swift */ = {isa = PBXFileReference; lastKnownFileType = sourcecode.swift; path = NominalType.swift; sourceTree = "<group>"; };
		OBJ_23 /* NominalTypeDescriptor.swift */ = {isa = PBXFileReference; lastKnownFileType = sourcecode.swift; path = NominalTypeDescriptor.swift; sourceTree = "<group>"; };
		OBJ_24 /* PointerType.swift */ = {isa = PBXFileReference; lastKnownFileType = sourcecode.swift; path = PointerType.swift; sourceTree = "<group>"; };
		OBJ_25 /* Properties.swift */ = {isa = PBXFileReference; lastKnownFileType = sourcecode.swift; path = Properties.swift; sourceTree = "<group>"; };
		OBJ_26 /* ReflectionError.swift */ = {isa = PBXFileReference; lastKnownFileType = sourcecode.swift; path = ReflectionError.swift; sourceTree = "<group>"; };
		OBJ_27 /* RelativePointer.swift */ = {isa = PBXFileReference; lastKnownFileType = sourcecode.swift; path = RelativePointer.swift; sourceTree = "<group>"; };
		OBJ_28 /* Set.swift */ = {isa = PBXFileReference; lastKnownFileType = sourcecode.swift; path = Set.swift; sourceTree = "<group>"; };
		OBJ_29 /* Storage.swift */ = {isa = PBXFileReference; lastKnownFileType = sourcecode.swift; path = Storage.swift; sourceTree = "<group>"; };
		OBJ_30 /* UnsafePointer+Extensions.swift */ = {isa = PBXFileReference; lastKnownFileType = sourcecode.swift; path = "UnsafePointer+Extensions.swift"; sourceTree = "<group>"; };
		OBJ_31 /* ValueWitnessTable.swift */ = {isa = PBXFileReference; lastKnownFileType = sourcecode.swift; path = ValueWitnessTable.swift; sourceTree = "<group>"; };
		OBJ_34 /* InternalTests.swift */ = {isa = PBXFileReference; lastKnownFileType = sourcecode.swift; path = InternalTests.swift; sourceTree = "<group>"; };
		OBJ_35 /* MappableTests.swift */ = {isa = PBXFileReference; lastKnownFileType = sourcecode.swift; path = MappableTests.swift; sourceTree = "<group>"; };
		OBJ_36 /* PerformanceTests.swift */ = {isa = PBXFileReference; lastKnownFileType = sourcecode.swift; path = PerformanceTests.swift; sourceTree = "<group>"; };
		OBJ_37 /* PublicTests.swift */ = {isa = PBXFileReference; lastKnownFileType = sourcecode.swift; path = PublicTests.swift; sourceTree = "<group>"; };
		OBJ_39 /* Reflection.framework */ = {isa = PBXFileReference; explicitFileType = wrapper.framework; path = Reflection.framework; sourceTree = BUILT_PRODUCTS_DIR; };
		OBJ_40 /* ReflectionTests.xctest */ = {isa = PBXFileReference; lastKnownFileType = file; path = ReflectionTests.xctest; sourceTree = BUILT_PRODUCTS_DIR; };
		OBJ_6 /* Package.swift */ = {isa = PBXFileReference; explicitFileType = sourcecode.swift; path = Package.swift; sourceTree = "<group>"; };
		OBJ_9 /* Advance.swift */ = {isa = PBXFileReference; lastKnownFileType = sourcecode.swift; path = Advance.swift; sourceTree = "<group>"; };
/* End PBXFileReference section */

/* Begin PBXFrameworksBuildPhase section */
		OBJ_69 /* Frameworks */ = {
			isa = PBXFrameworksBuildPhase;
			buildActionMask = 0;
			files = (
			);
			runOnlyForDeploymentPostprocessing = 0;
		};
		OBJ_79 /* Frameworks */ = {
			isa = PBXFrameworksBuildPhase;
			buildActionMask = 0;
			files = (
				OBJ_80 /* Reflection.framework in Frameworks */,
			);
			runOnlyForDeploymentPostprocessing = 0;
		};
/* End PBXFrameworksBuildPhase section */

/* Begin PBXGroup section */
		OBJ_32 /* Tests */ = {
			isa = PBXGroup;
			children = (
				OBJ_33 /* ReflectionTests */,
			);
			name = Tests;
			sourceTree = SOURCE_ROOT;
		};
		OBJ_33 /* ReflectionTests */ = {
			isa = PBXGroup;
			children = (
				OBJ_34 /* InternalTests.swift */,
				OBJ_35 /* MappableTests.swift */,
				OBJ_36 /* PerformanceTests.swift */,
				OBJ_37 /* PublicTests.swift */,
			);
			name = ReflectionTests;
			path = Tests/ReflectionTests;
			sourceTree = SOURCE_ROOT;
		};
		OBJ_38 /* Products */ = {
			isa = PBXGroup;
			children = (
				OBJ_39 /* Reflection.framework */,
				OBJ_40 /* ReflectionTests.xctest */,
			);
			name = Products;
			sourceTree = BUILT_PRODUCTS_DIR;
		};
		OBJ_5 /*  */ = {
			isa = PBXGroup;
			children = (
				OBJ_6 /* Package.swift */,
				OBJ_7 /* Sources */,
				OBJ_32 /* Tests */,
				OBJ_38 /* Products */,
			);
			name = "";
			sourceTree = "<group>";
		};
		OBJ_7 /* Sources */ = {
			isa = PBXGroup;
			children = (
				OBJ_8 /* Reflection */,
			);
			name = Sources;
			sourceTree = SOURCE_ROOT;
		};
		OBJ_8 /* Reflection */ = {
			isa = PBXGroup;
			children = (
				OBJ_9 /* Advance.swift */,
				OBJ_10 /* Any+Extensions.swift */,
				OBJ_11 /* Array+Extensions.swift */,
				OBJ_12 /* Construct.swift */,
				OBJ_13 /* Get.swift */,
				OBJ_14 /* Identity.swift */,
				OBJ_15 /* MemoryProperties.swift */,
				OBJ_16 /* Metadata+Class.swift */,
				OBJ_17 /* Metadata+Kind.swift */,
				OBJ_18 /* Metadata+Struct.swift */,
				OBJ_19 /* Metadata+Tuple.swift */,
				OBJ_20 /* Metadata.swift */,
				OBJ_21 /* MetadataType.swift */,
				OBJ_22 /* NominalType.swift */,
				OBJ_23 /* NominalTypeDescriptor.swift */,
				OBJ_24 /* PointerType.swift */,
				OBJ_25 /* Properties.swift */,
				OBJ_26 /* ReflectionError.swift */,
				OBJ_27 /* RelativePointer.swift */,
				OBJ_28 /* Set.swift */,
				OBJ_29 /* Storage.swift */,
				OBJ_30 /* UnsafePointer+Extensions.swift */,
				OBJ_31 /* ValueWitnessTable.swift */,
			);
			name = Reflection;
			path = Sources/Reflection;
			sourceTree = SOURCE_ROOT;
		};
/* End PBXGroup section */

/* Begin PBXNativeTarget section */
		OBJ_41 /* Reflection */ = {
			isa = PBXNativeTarget;
			buildConfigurationList = OBJ_42 /* Build configuration list for PBXNativeTarget "Reflection" */;
			buildPhases = (
				OBJ_45 /* Sources */,
				OBJ_69 /* Frameworks */,
			);
			buildRules = (
			);
			dependencies = (
			);
			name = Reflection;
			productName = Reflection;
			productReference = OBJ_39 /* Reflection.framework */;
			productType = "com.apple.product-type.framework";
		};
		OBJ_70 /* ReflectionTests */ = {
			isa = PBXNativeTarget;
			buildConfigurationList = OBJ_71 /* Build configuration list for PBXNativeTarget "ReflectionTests" */;
			buildPhases = (
				OBJ_74 /* Sources */,
				OBJ_79 /* Frameworks */,
			);
			buildRules = (
			);
			dependencies = (
				OBJ_81 /* PBXTargetDependency */,
			);
			name = ReflectionTests;
			productName = ReflectionTests;
			productReference = OBJ_40 /* ReflectionTests.xctest */;
			productType = "com.apple.product-type.bundle.unit-test";
		};
/* End PBXNativeTarget section */

/* Begin PBXProject section */
		OBJ_1 /* Project object */ = {
			isa = PBXProject;
			attributes = {
				LastUpgradeCheck = 9999;
			};
			buildConfigurationList = OBJ_2 /* Build configuration list for PBXProject "Reflection" */;
			compatibilityVersion = "Xcode 3.2";
			developmentRegion = English;
			hasScannedForEncodings = 0;
			knownRegions = (
				en,
			);
			mainGroup = OBJ_5 /*  */;
			productRefGroup = OBJ_38 /* Products */;
			projectDirPath = "";
			projectRoot = "";
			targets = (
				OBJ_41 /* Reflection */,
				OBJ_70 /* ReflectionTests */,
			);
		};
/* End PBXProject section */

/* Begin PBXSourcesBuildPhase section */
		OBJ_45 /* Sources */ = {
			isa = PBXSourcesBuildPhase;
			buildActionMask = 0;
			files = (
				OBJ_46 /* Advance.swift in Sources */,
				OBJ_47 /* Any+Extensions.swift in Sources */,
				OBJ_48 /* Array+Extensions.swift in Sources */,
				OBJ_49 /* Construct.swift in Sources */,
				OBJ_50 /* Get.swift in Sources */,
				OBJ_51 /* Identity.swift in Sources */,
				OBJ_52 /* MemoryProperties.swift in Sources */,
				OBJ_53 /* Metadata+Class.swift in Sources */,
				OBJ_54 /* Metadata+Kind.swift in Sources */,
				OBJ_55 /* Metadata+Struct.swift in Sources */,
				OBJ_56 /* Metadata+Tuple.swift in Sources */,
				OBJ_57 /* Metadata.swift in Sources */,
				OBJ_58 /* MetadataType.swift in Sources */,
				OBJ_59 /* NominalType.swift in Sources */,
				OBJ_60 /* NominalTypeDescriptor.swift in Sources */,
				OBJ_61 /* PointerType.swift in Sources */,
				OBJ_62 /* Properties.swift in Sources */,
				OBJ_63 /* ReflectionError.swift in Sources */,
				OBJ_64 /* RelativePointer.swift in Sources */,
				OBJ_65 /* Set.swift in Sources */,
				OBJ_66 /* Storage.swift in Sources */,
				OBJ_67 /* UnsafePointer+Extensions.swift in Sources */,
				OBJ_68 /* ValueWitnessTable.swift in Sources */,
			);
			runOnlyForDeploymentPostprocessing = 0;
		};
		OBJ_74 /* Sources */ = {
			isa = PBXSourcesBuildPhase;
			buildActionMask = 0;
			files = (
				OBJ_75 /* InternalTests.swift in Sources */,
				OBJ_76 /* MappableTests.swift in Sources */,
				OBJ_77 /* PerformanceTests.swift in Sources */,
				OBJ_78 /* PublicTests.swift in Sources */,
			);
			runOnlyForDeploymentPostprocessing = 0;
		};
/* End PBXSourcesBuildPhase section */

/* Begin PBXTargetDependency section */
		OBJ_81 /* PBXTargetDependency */ = {
			isa = PBXTargetDependency;
			target = OBJ_41 /* Reflection */;
			targetProxy = 6AD699101ED9133700852699 /* PBXContainerItemProxy */;
		};
/* End PBXTargetDependency section */

/* Begin XCBuildConfiguration section */
		OBJ_3 /* Debug */ = {
			isa = XCBuildConfiguration;
			buildSettings = {
				CLANG_ENABLE_OBJC_ARC = YES;
				COMBINE_HIDPI_IMAGES = YES;
				COPY_PHASE_STRIP = NO;
				DEBUG_INFORMATION_FORMAT = dwarf;
				DYLIB_INSTALL_NAME_BASE = "@rpath";
				ENABLE_NS_ASSERTIONS = YES;
				GCC_OPTIMIZATION_LEVEL = 0;
				MACOSX_DEPLOYMENT_TARGET = 10.10;
				ONLY_ACTIVE_ARCH = YES;
				OTHER_SWIFT_FLAGS = "-DXcode";
				PRODUCT_NAME = "$(TARGET_NAME)";
				SDKROOT = macosx;
				SUPPORTED_PLATFORMS = "macosx iphoneos iphonesimulator appletvos appletvsimulator watchos watchsimulator";
				SWIFT_ACTIVE_COMPILATION_CONDITIONS = SWIFT_PACKAGE;
				SWIFT_OPTIMIZATION_LEVEL = "-Onone";
				SWIFT_VERSION = 3.0;
				USE_HEADERMAP = NO;
			};
			name = Debug;
		};
		OBJ_4 /* Release */ = {
			isa = XCBuildConfiguration;
			buildSettings = {
				CLANG_ENABLE_OBJC_ARC = YES;
				COMBINE_HIDPI_IMAGES = YES;
				COPY_PHASE_STRIP = YES;
				DEBUG_INFORMATION_FORMAT = "dwarf-with-dsym";
				DYLIB_INSTALL_NAME_BASE = "@rpath";
				GCC_OPTIMIZATION_LEVEL = s;
				MACOSX_DEPLOYMENT_TARGET = 10.10;
				OTHER_SWIFT_FLAGS = "-DXcode";
				PRODUCT_NAME = "$(TARGET_NAME)";
				SDKROOT = macosx;
				SUPPORTED_PLATFORMS = "macosx iphoneos iphonesimulator appletvos appletvsimulator watchos watchsimulator";
				SWIFT_ACTIVE_COMPILATION_CONDITIONS = SWIFT_PACKAGE;
				SWIFT_OPTIMIZATION_LEVEL = "-Owholemodule";
				SWIFT_VERSION = 3.0;
				USE_HEADERMAP = NO;
			};
			name = Release;
		};
		OBJ_43 /* Debug */ = {
			isa = XCBuildConfiguration;
			buildSettings = {
				ARCHS = "$(ARCHS_STANDARD_32_64_BIT)";
				ENABLE_TESTABILITY = YES;
				FRAMEWORK_SEARCH_PATHS = (
					"$(inherited)",
					"$(PLATFORM_DIR)/Developer/Library/Frameworks",
				);
				HEADER_SEARCH_PATHS = "$(inherited)";
				INFOPLIST_FILE = Reflection.xcodeproj/Reflection_Info.plist;
				LD_RUNPATH_SEARCH_PATHS = "$(TOOLCHAIN_DIR)/usr/lib/swift/macosx";
				ONLY_ACTIVE_ARCH = NO;
				OTHER_LDFLAGS = "$(inherited)";
				OTHER_SWIFT_FLAGS = "$(inherited)";
				PRODUCT_BUNDLE_IDENTIFIER = Reflection;
				PRODUCT_MODULE_NAME = "$(TARGET_NAME:c99extidentifier)";
				PRODUCT_NAME = "$(TARGET_NAME:c99extidentifier)";
				SKIP_INSTALL = YES;
				TARGET_NAME = Reflection;
			};
			name = Debug;
		};
		OBJ_44 /* Release */ = {
			isa = XCBuildConfiguration;
			buildSettings = {
				ARCHS = "$(ARCHS_STANDARD_32_64_BIT)";
				ENABLE_TESTABILITY = YES;
				FRAMEWORK_SEARCH_PATHS = (
					"$(inherited)",
					"$(PLATFORM_DIR)/Developer/Library/Frameworks",
				);
				HEADER_SEARCH_PATHS = "$(inherited)";
				INFOPLIST_FILE = Reflection.xcodeproj/Reflection_Info.plist;
				LD_RUNPATH_SEARCH_PATHS = "$(TOOLCHAIN_DIR)/usr/lib/swift/macosx";
				OTHER_LDFLAGS = "$(inherited)";
				OTHER_SWIFT_FLAGS = "$(inherited)";
				PRODUCT_BUNDLE_IDENTIFIER = Reflection;
				PRODUCT_MODULE_NAME = "$(TARGET_NAME:c99extidentifier)";
				PRODUCT_NAME = "$(TARGET_NAME:c99extidentifier)";
				SKIP_INSTALL = YES;
				TARGET_NAME = Reflection;
			};
			name = Release;
		};
		OBJ_72 /* Debug */ = {
			isa = XCBuildConfiguration;
			buildSettings = {
				EMBEDDED_CONTENT_CONTAINS_SWIFT = YES;
				FRAMEWORK_SEARCH_PATHS = (
					"$(inherited)",
					"$(PLATFORM_DIR)/Developer/Library/Frameworks",
				);
				HEADER_SEARCH_PATHS = "$(inherited)";
				INFOPLIST_FILE = Reflection.xcodeproj/ReflectionTests_Info.plist;
				LD_RUNPATH_SEARCH_PATHS = "@loader_path/../Frameworks @loader_path/Frameworks";
				OTHER_LDFLAGS = "$(inherited)";
				OTHER_SWIFT_FLAGS = "$(inherited)";
				TARGET_NAME = ReflectionTests;
			};
			name = Debug;
		};
		OBJ_73 /* Release */ = {
			isa = XCBuildConfiguration;
			buildSettings = {
				EMBEDDED_CONTENT_CONTAINS_SWIFT = YES;
				FRAMEWORK_SEARCH_PATHS = (
					"$(inherited)",
					"$(PLATFORM_DIR)/Developer/Library/Frameworks",
				);
				HEADER_SEARCH_PATHS = "$(inherited)";
				INFOPLIST_FILE = Reflection.xcodeproj/ReflectionTests_Info.plist;
				LD_RUNPATH_SEARCH_PATHS = "@loader_path/../Frameworks @loader_path/Frameworks";
				OTHER_LDFLAGS = "$(inherited)";
				OTHER_SWIFT_FLAGS = "$(inherited)";
				TARGET_NAME = ReflectionTests;
			};
			name = Release;
		};
/* End XCBuildConfiguration section */

/* Begin XCConfigurationList section */
		OBJ_2 /* Build configuration list for PBXProject "Reflection" */ = {
			isa = XCConfigurationList;
			buildConfigurations = (
				OBJ_3 /* Debug */,
				OBJ_4 /* Release */,
			);
			defaultConfigurationIsVisible = 0;
			defaultConfigurationName = Debug;
		};
		OBJ_42 /* Build configuration list for PBXNativeTarget "Reflection" */ = {
			isa = XCConfigurationList;
			buildConfigurations = (
				OBJ_43 /* Debug */,
				OBJ_44 /* Release */,
			);
			defaultConfigurationIsVisible = 0;
			defaultConfigurationName = Debug;
		};
		OBJ_71 /* Build configuration list for PBXNativeTarget "ReflectionTests" */ = {
			isa = XCConfigurationList;
			buildConfigurations = (
				OBJ_72 /* Debug */,
				OBJ_73 /* Release */,
			);
			defaultConfigurationIsVisible = 0;
			defaultConfigurationName = Debug;
		};
/* End XCConfigurationList section */
	};
	rootObject = OBJ_1 /* Project object */;
}
